
Microsoft Visual Studio Solution File, Format Version 12.00
# Visual Studio Version 17
VisualStudioVersion = 17.3.32901.215
MinimumVisualStudioVersion = 10.0.40219.1
Project("{FAE04EC0-301F-11D3-BF4B-00C04F79EFBC}") = "Cafetera", "Cafetera\Cafetera.csproj", "{1442087E-7B5B-4658-A527-D0C61B7315D9}"
EndProject
Global
	GlobalSection(SolutionConfigurationPlatforms) = preSolution
		Debug|Any CPU = Debug|Any CPU
		Release|Any CPU = Release|Any CPU
	EndGlobalSection
	GlobalSection(ProjectConfigurationPlatforms) = postSolution
		{1442087E-7B5B-4658-A527-D0C61B7315D9}.Debug|Any CPU.ActiveCfg = Debug|Any CPU
		{1442087E-7B5B-4658-A527-D0C61B7315D9}.Debug|Any CPU.Build.0 = Debug|Any CPU
		{1442087E-7B5B-4658-A527-D0C61B7315D9}.Release|Any CPU.ActiveCfg = Release|Any CPU
		{1442087E-7B5B-4658-A527-D0C61B7315D9}.Release|Any CPU.Build.0 = Release|Any CPU
	EndGlobalSection
	GlobalSection(SolutionProperties) = preSolution
		HideSolutionNode = FALSE
	EndGlobalSection
	GlobalSection(ExtensibilityGlobals) = postSolution
		SolutionGuid = {100A1E7A-1B7A-47A1-9202-DAF83D83FC8F}
	EndGlobalSection
EndGlobal
